
Microsoft Visual Studio Solution File, Format Version 12.00
# Visual Studio Version 17
VisualStudioVersion = 17.10.35013.160
MinimumVisualStudioVersion = 10.0.40219.1
Project("{FAE04EC0-301F-11D3-BF4B-00C04F79EFBC}") = "ConsoleApp2", "ConsoleApp2\ConsoleApp2.csproj", "{D39D92C0-04D3-44FB-92DB-35BFEBFB0723}"
EndProject
Global
	GlobalSection(SolutionConfigurationPlatforms) = preSolution
		Debug|Any CPU = Debug|Any CPU
		Release|Any CPU = Release|Any CPU
	EndGlobalSection
	GlobalSection(ProjectConfigurationPlatforms) = postSolution
		{D39D92C0-04D3-44FB-92DB-35BFEBFB0723}.Debug|Any CPU.ActiveCfg = Debug|Any CPU
		{D39D92C0-04D3-44FB-92DB-35BFEBFB0723}.Debug|Any CPU.Build.0 = Debug|Any CPU
		{D39D92C0-04D3-44FB-92DB-35BFEBFB0723}.Release|Any CPU.ActiveCfg = Release|Any CPU
		{D39D92C0-04D3-44FB-92DB-35BFEBFB0723}.Release|Any CPU.Build.0 = Release|Any CPU
	EndGlobalSection
	GlobalSection(SolutionProperties) = preSolution
		HideSolutionNode = FALSE
	EndGlobalSection
	GlobalSection(ExtensibilityGlobals) = postSolution
		SolutionGuid = {3926F59B-5972-4A63-AF1C-6BBEC9DFE170}
	EndGlobalSection
EndGlobal
